
Microsoft Visual Studio Solution File, Format Version 12.00
# Visual Studio Version 17
VisualStudioVersion = 17.10.34928.147
MinimumVisualStudioVersion = 10.0.40219.1
Project("{9A19103F-16F7-4668-BE54-9A1E7A4F7556}") = "Iterator", "Iterator\Iterator.csproj", "{90DC38AA-FB0C-4DEE-BC36-7C413DAA4BC5}"
EndProject
Project("{FAE04EC0-301F-11D3-BF4B-00C04F79EFBC}") = "Composite", "Composite\Composite.csproj", "{A503E71D-048B-4253-9954-2F781EA1EEA6}"
EndProject
Global
	GlobalSection(SolutionConfigurationPlatforms) = preSolution
		Debug|Any CPU = Debug|Any CPU
		Release|Any CPU = Release|Any CPU
	EndGlobalSection
	GlobalSection(ProjectConfigurationPlatforms) = postSolution
		{90DC38AA-FB0C-4DEE-BC36-7C413DAA4BC5}.Debug|Any CPU.ActiveCfg = Debug|Any CPU
		{90DC38AA-FB0C-4DEE-BC36-7C413DAA4BC5}.Debug|Any CPU.Build.0 = Debug|Any CPU
		{90DC38AA-FB0C-4DEE-BC36-7C413DAA4BC5}.Release|Any CPU.ActiveCfg = Release|Any CPU
		{90DC38AA-FB0C-4DEE-BC36-7C413DAA4BC5}.Release|Any CPU.Build.0 = Release|Any CPU
		{A503E71D-048B-4253-9954-2F781EA1EEA6}.Debug|Any CPU.ActiveCfg = Debug|Any CPU
		{A503E71D-048B-4253-9954-2F781EA1EEA6}.Debug|Any CPU.Build.0 = Debug|Any CPU
		{A503E71D-048B-4253-9954-2F781EA1EEA6}.Release|Any CPU.ActiveCfg = Release|Any CPU
		{A503E71D-048B-4253-9954-2F781EA1EEA6}.Release|Any CPU.Build.0 = Release|Any CPU
	EndGlobalSection
	GlobalSection(SolutionProperties) = preSolution
		HideSolutionNode = FALSE
	EndGlobalSection
	GlobalSection(ExtensibilityGlobals) = postSolution
		SolutionGuid = {931DA1F5-B512-4E32-A4EF-4338BBBF9726}
	EndGlobalSection
EndGlobal
