
Microsoft Visual Studio Solution File, Format Version 12.00
# Visual Studio Version 17
VisualStudioVersion = 17.9.34622.214
MinimumVisualStudioVersion = 10.0.40219.1
Project("{9A19103F-16F7-4668-BE54-9A1E7A4F7556}") = "SingleResponsibilityPrinciple", "SingleResponsibilityPrinciple\SingleResponsibilityPrinciple.csproj", "{0E0C5413-C25C-4AF5-B802-6824859346AE}"
EndProject
Project("{9A19103F-16F7-4668-BE54-9A1E7A4F7556}") = "OpenClosedPrinciple", "OpenClosedPrinciple\OpenClosedPrinciple.csproj", "{DBBF97E3-F895-4984-B5F7-C57338BE47E7}"
EndProject
Project("{FAE04EC0-301F-11D3-BF4B-00C04F79EFBC}") = "LiskovSubstitutionPrinciple", "LiskovSubstitutionPrinciple\LiskovSubstitutionPrinciple.csproj", "{8618A6A0-E257-4D80-98F0-37ABFD2086F9}"
EndProject
Project("{FAE04EC0-301F-11D3-BF4B-00C04F79EFBC}") = "InterfaceSegregationPrinciple", "InterfaceSegregationPrinciple\InterfaceSegregationPrinciple.csproj", "{1CE67E11-6C74-4642-9902-095109BD7498}"
EndProject
Project("{FAE04EC0-301F-11D3-BF4B-00C04F79EFBC}") = "DependencyInversionPrinciple", "DependencyInversionPrinciple\DependencyInversionPrinciple.csproj", "{D433EEB8-A2FE-4FD1-A67F-BE1784F7B908}"
EndProject
Global
	GlobalSection(SolutionConfigurationPlatforms) = preSolution
		Debug|Any CPU = Debug|Any CPU
		Release|Any CPU = Release|Any CPU
	EndGlobalSection
	GlobalSection(ProjectConfigurationPlatforms) = postSolution
		{0E0C5413-C25C-4AF5-B802-6824859346AE}.Debug|Any CPU.ActiveCfg = Debug|Any CPU
		{0E0C5413-C25C-4AF5-B802-6824859346AE}.Debug|Any CPU.Build.0 = Debug|Any CPU
		{0E0C5413-C25C-4AF5-B802-6824859346AE}.Release|Any CPU.ActiveCfg = Release|Any CPU
		{0E0C5413-C25C-4AF5-B802-6824859346AE}.Release|Any CPU.Build.0 = Release|Any CPU
		{DBBF97E3-F895-4984-B5F7-C57338BE47E7}.Debug|Any CPU.ActiveCfg = Debug|Any CPU
		{DBBF97E3-F895-4984-B5F7-C57338BE47E7}.Debug|Any CPU.Build.0 = Debug|Any CPU
		{DBBF97E3-F895-4984-B5F7-C57338BE47E7}.Release|Any CPU.ActiveCfg = Release|Any CPU
		{DBBF97E3-F895-4984-B5F7-C57338BE47E7}.Release|Any CPU.Build.0 = Release|Any CPU
		{8618A6A0-E257-4D80-98F0-37ABFD2086F9}.Debug|Any CPU.ActiveCfg = Debug|Any CPU
		{8618A6A0-E257-4D80-98F0-37ABFD2086F9}.Debug|Any CPU.Build.0 = Debug|Any CPU
		{8618A6A0-E257-4D80-98F0-37ABFD2086F9}.Release|Any CPU.ActiveCfg = Release|Any CPU
		{8618A6A0-E257-4D80-98F0-37ABFD2086F9}.Release|Any CPU.Build.0 = Release|Any CPU
		{1CE67E11-6C74-4642-9902-095109BD7498}.Debug|Any CPU.ActiveCfg = Debug|Any CPU
		{1CE67E11-6C74-4642-9902-095109BD7498}.Debug|Any CPU.Build.0 = Debug|Any CPU
		{1CE67E11-6C74-4642-9902-095109BD7498}.Release|Any CPU.ActiveCfg = Release|Any CPU
		{1CE67E11-6C74-4642-9902-095109BD7498}.Release|Any CPU.Build.0 = Release|Any CPU
		{D433EEB8-A2FE-4FD1-A67F-BE1784F7B908}.Debug|Any CPU.ActiveCfg = Debug|Any CPU
		{D433EEB8-A2FE-4FD1-A67F-BE1784F7B908}.Debug|Any CPU.Build.0 = Debug|Any CPU
		{D433EEB8-A2FE-4FD1-A67F-BE1784F7B908}.Release|Any CPU.ActiveCfg = Release|Any CPU
		{D433EEB8-A2FE-4FD1-A67F-BE1784F7B908}.Release|Any CPU.Build.0 = Release|Any CPU
	EndGlobalSection
	GlobalSection(SolutionProperties) = preSolution
		HideSolutionNode = FALSE
	EndGlobalSection
	GlobalSection(ExtensibilityGlobals) = postSolution
		SolutionGuid = {64B720EB-6DF1-459E-9055-356F2CC45D29}
	EndGlobalSection
EndGlobal
