
Microsoft Visual Studio Solution File, Format Version 12.00
# Visual Studio Version 17
VisualStudioVersion = 17.9.34622.214
MinimumVisualStudioVersion = 10.0.40219.1
Project("{FAE04EC0-301F-11D3-BF4B-00C04F79EFBC}") = "MethodChain", "MethodChain\MethodChain.csproj", "{C4A9B835-D003-4AB9-8AA5-89138857BE56}"
EndProject
Global
	GlobalSection(SolutionConfigurationPlatforms) = preSolution
		Debug|Any CPU = Debug|Any CPU
		Release|Any CPU = Release|Any CPU
	EndGlobalSection
	GlobalSection(ProjectConfigurationPlatforms) = postSolution
		{C4A9B835-D003-4AB9-8AA5-89138857BE56}.Debug|Any CPU.ActiveCfg = Debug|Any CPU
		{C4A9B835-D003-4AB9-8AA5-89138857BE56}.Debug|Any CPU.Build.0 = Debug|Any CPU
		{C4A9B835-D003-4AB9-8AA5-89138857BE56}.Release|Any CPU.ActiveCfg = Release|Any CPU
		{C4A9B835-D003-4AB9-8AA5-89138857BE56}.Release|Any CPU.Build.0 = Release|Any CPU
	EndGlobalSection
	GlobalSection(SolutionProperties) = preSolution
		HideSolutionNode = FALSE
	EndGlobalSection
	GlobalSection(ExtensibilityGlobals) = postSolution
		SolutionGuid = {242AE9DF-42AB-4DCD-8C75-CEB918B402D6}
	EndGlobalSection
EndGlobal
